
Microsoft Visual Studio Solution File, Format Version 12.00
# Visual Studio Version 17
VisualStudioVersion = 17.7.33711.374
MinimumVisualStudioVersion = 10.0.40219.1
Project("{9A19103F-16F7-4668-BE54-9A1E7A4F7556}") = "automation", "automation.csproj", "{CEA32CAA-D841-4F41-A1EB-2C051EFDAA6E}"
EndProject
Global
	GlobalSection(SolutionConfigurationPlatforms) = preSolution
		Debug|Any CPU = Debug|Any CPU
		Release|Any CPU = Release|Any CPU
	EndGlobalSection
	GlobalSection(ProjectConfigurationPlatforms) = postSolution
		{CEA32CAA-D841-4F41-A1EB-2C051EFDAA6E}.Debug|Any CPU.ActiveCfg = Debug|Any CPU
		{CEA32CAA-D841-4F41-A1EB-2C051EFDAA6E}.Debug|Any CPU.Build.0 = Debug|Any CPU
		{CEA32CAA-D841-4F41-A1EB-2C051EFDAA6E}.Release|Any CPU.ActiveCfg = Release|Any CPU
		{CEA32CAA-D841-4F41-A1EB-2C051EFDAA6E}.Release|Any CPU.Build.0 = Release|Any CPU
	EndGlobalSection
	GlobalSection(SolutionProperties) = preSolution
		HideSolutionNode = FALSE
	EndGlobalSection
	GlobalSection(ExtensibilityGlobals) = postSolution
		SolutionGuid = {FDC054AF-F3BA-4DBF-B449-7F39C9860914}
	EndGlobalSection
EndGlobal
